
Microsoft Visual Studio Solution File, Format Version 12.00
# Visual Studio Version 17
VisualStudioVersion = 17.4.33213.308
MinimumVisualStudioVersion = 10.0.40219.1
Project("{FAE04EC0-301F-11D3-BF4B-00C04F79EFBC}") = "HorrorFlux.Admin.UI", "HorrorFlux.Admin.UI\HorrorFlux.Admin.UI.csproj", "{AA67C8A3-BD23-4EE0-AF05-EA1942F70D83}"
EndProject
Global
	GlobalSection(SolutionConfigurationPlatforms) = preSolution
		Debug|Any CPU = Debug|Any CPU
		Release|Any CPU = Release|Any CPU
	EndGlobalSection
	GlobalSection(ProjectConfigurationPlatforms) = postSolution
		{AA67C8A3-BD23-4EE0-AF05-EA1942F70D83}.Debug|Any CPU.ActiveCfg = Debug|Any CPU
		{AA67C8A3-BD23-4EE0-AF05-EA1942F70D83}.Debug|Any CPU.Build.0 = Debug|Any CPU
		{AA67C8A3-BD23-4EE0-AF05-EA1942F70D83}.Release|Any CPU.ActiveCfg = Release|Any CPU
		{AA67C8A3-BD23-4EE0-AF05-EA1942F70D83}.Release|Any CPU.Build.0 = Release|Any CPU
	EndGlobalSection
	GlobalSection(SolutionProperties) = preSolution
		HideSolutionNode = FALSE
	EndGlobalSection
	GlobalSection(ExtensibilityGlobals) = postSolution
		SolutionGuid = {695F4BA3-E9FB-4B11-B799-F780E8DA685D}
	EndGlobalSection
EndGlobal
